
Microsoft Visual Studio Solution File, Format Version 12.00
# Visual Studio Version 17
VisualStudioVersion = 17.7.34031.279
MinimumVisualStudioVersion = 10.0.40219.1
Project("{FAE04EC0-301F-11D3-BF4B-00C04F79EFBC}") = "MinipalApi", "MinipalApi\MinipalApi.csproj", "{DD7AF9E3-A38F-4A54-8ED3-25149D08BAF3}"
EndProject
Global
	GlobalSection(SolutionConfigurationPlatforms) = preSolution
		Debug|Any CPU = Debug|Any CPU
		Release|Any CPU = Release|Any CPU
	EndGlobalSection
	GlobalSection(ProjectConfigurationPlatforms) = postSolution
		{DD7AF9E3-A38F-4A54-8ED3-25149D08BAF3}.Debug|Any CPU.ActiveCfg = Debug|Any CPU
		{DD7AF9E3-A38F-4A54-8ED3-25149D08BAF3}.Debug|Any CPU.Build.0 = Debug|Any CPU
		{DD7AF9E3-A38F-4A54-8ED3-25149D08BAF3}.Release|Any CPU.ActiveCfg = Release|Any CPU
		{DD7AF9E3-A38F-4A54-8ED3-25149D08BAF3}.Release|Any CPU.Build.0 = Release|Any CPU
	EndGlobalSection
	GlobalSection(SolutionProperties) = preSolution
		HideSolutionNode = FALSE
	EndGlobalSection
	GlobalSection(ExtensibilityGlobals) = postSolution
		SolutionGuid = {1B167A72-51CA-483D-9053-2032B3F96C10}
	EndGlobalSection
EndGlobal
